
Microsoft Visual Studio Solution File, Format Version 12.00
# Visual Studio Version 17
VisualStudioVersion = 17.5.33516.290
MinimumVisualStudioVersion = 10.0.40219.1
Project("{FAE04EC0-301F-11D3-BF4B-00C04F79EFBC}") = "accounting_platform", "accounting_platform.csproj", "{6B00ED91-3FF8-4F85-9CA6-FCFD4E391AAE}"
EndProject
Global
	GlobalSection(SolutionConfigurationPlatforms) = preSolution
		Debug|Any CPU = Debug|Any CPU
		Release|Any CPU = Release|Any CPU
	EndGlobalSection
	GlobalSection(ProjectConfigurationPlatforms) = postSolution
		{6B00ED91-3FF8-4F85-9CA6-FCFD4E391AAE}.Debug|Any CPU.ActiveCfg = Debug|Any CPU
		{6B00ED91-3FF8-4F85-9CA6-FCFD4E391AAE}.Debug|Any CPU.Build.0 = Debug|Any CPU
		{6B00ED91-3FF8-4F85-9CA6-FCFD4E391AAE}.Release|Any CPU.ActiveCfg = Release|Any CPU
		{6B00ED91-3FF8-4F85-9CA6-FCFD4E391AAE}.Release|Any CPU.Build.0 = Release|Any CPU
	EndGlobalSection
	GlobalSection(SolutionProperties) = preSolution
		HideSolutionNode = FALSE
	EndGlobalSection
	GlobalSection(ExtensibilityGlobals) = postSolution
		SolutionGuid = {3B972487-0AA4-4BB6-87EE-9AA97B8290B1}
	EndGlobalSection
EndGlobal
